
Microsoft Visual Studio Solution File, Format Version 11.00
# Visual Studio 2010
Project("{FAE04EC0-301F-11D3-BF4B-00C04F79EFBC}") = "1.DecimalToBinary", "1.DecimalToBinary\1.DecimalToBinary.csproj", "{58B1B170-35F6-45DD-A9AF-DE59544E5EF7}"
EndProject
Project("{FAE04EC0-301F-11D3-BF4B-00C04F79EFBC}") = "2.BinaryToDecimal", "2.BinaryToDecimal\2.BinaryToDecimal.csproj", "{70EEB4FB-54D1-4407-914A-4BC4674565CB}"
EndProject
Project("{FAE04EC0-301F-11D3-BF4B-00C04F79EFBC}") = "3.DecimalToHexadecimal", "3.DecimalToHexadecimal\3.DecimalToHexadecimal.csproj", "{D5467DC9-B537-45A3-8618-33DFAAD2D92F}"
EndProject
Project("{FAE04EC0-301F-11D3-BF4B-00C04F79EFBC}") = "4.HexadecimalToDecimal", "4.HexadecimalToDecimal\4.HexadecimalToDecimal.csproj", "{91559C6F-0041-4DCE-8A61-1D31E6522C7C}"
EndProject
Project("{FAE04EC0-301F-11D3-BF4B-00C04F79EFBC}") = "5.HexadecimalToBinary", "5.HexadecimalToBinary\5.HexadecimalToBinary.csproj", "{3F5560AC-4443-4988-A64A-97CCD3154CE5}"
EndProject
Project("{FAE04EC0-301F-11D3-BF4B-00C04F79EFBC}") = "6.BinaryToHexadecimal", "6.BinaryToHexadecimal\6.BinaryToHexadecimal.csproj", "{4EF9E7FB-B158-45C9-B798-52C8A1E3681C}"
EndProject
Project("{FAE04EC0-301F-11D3-BF4B-00C04F79EFBC}") = "7.AnyNumeralSystem", "7.AnyNumeralSystem\7.AnyNumeralSystem.csproj", "{8A72329F-B5FF-4BD0-9995-422CA09FE1C3}"
EndProject
Project("{FAE04EC0-301F-11D3-BF4B-00C04F79EFBC}") = "8.BinaryShort", "8.BinaryShort\8.BinaryShort.csproj", "{F8FC47E3-E13F-4623-B3BE-974D1E525A3B}"
EndProject
Project("{FAE04EC0-301F-11D3-BF4B-00C04F79EFBC}") = "9.InternalBinaryRepresentationFloat", "9.InternalBinaryRepresentationFloat\9.InternalBinaryRepresentationFloat.csproj", "{EDB6F695-F802-45A8-AB20-5CE7CC511F41}"
EndProject
Global
	GlobalSection(SolutionConfigurationPlatforms) = preSolution
		Debug|x86 = Debug|x86
		Release|x86 = Release|x86
	EndGlobalSection
	GlobalSection(ProjectConfigurationPlatforms) = postSolution
		{58B1B170-35F6-45DD-A9AF-DE59544E5EF7}.Debug|x86.ActiveCfg = Debug|x86
		{58B1B170-35F6-45DD-A9AF-DE59544E5EF7}.Debug|x86.Build.0 = Debug|x86
		{58B1B170-35F6-45DD-A9AF-DE59544E5EF7}.Release|x86.ActiveCfg = Release|x86
		{58B1B170-35F6-45DD-A9AF-DE59544E5EF7}.Release|x86.Build.0 = Release|x86
		{70EEB4FB-54D1-4407-914A-4BC4674565CB}.Debug|x86.ActiveCfg = Debug|x86
		{70EEB4FB-54D1-4407-914A-4BC4674565CB}.Debug|x86.Build.0 = Debug|x86
		{70EEB4FB-54D1-4407-914A-4BC4674565CB}.Release|x86.ActiveCfg = Release|x86
		{70EEB4FB-54D1-4407-914A-4BC4674565CB}.Release|x86.Build.0 = Release|x86
		{D5467DC9-B537-45A3-8618-33DFAAD2D92F}.Debug|x86.ActiveCfg = Debug|x86
		{D5467DC9-B537-45A3-8618-33DFAAD2D92F}.Debug|x86.Build.0 = Debug|x86
		{D5467DC9-B537-45A3-8618-33DFAAD2D92F}.Release|x86.ActiveCfg = Release|x86
		{D5467DC9-B537-45A3-8618-33DFAAD2D92F}.Release|x86.Build.0 = Release|x86
		{91559C6F-0041-4DCE-8A61-1D31E6522C7C}.Debug|x86.ActiveCfg = Debug|x86
		{91559C6F-0041-4DCE-8A61-1D31E6522C7C}.Debug|x86.Build.0 = Debug|x86
		{91559C6F-0041-4DCE-8A61-1D31E6522C7C}.Release|x86.ActiveCfg = Release|x86
		{91559C6F-0041-4DCE-8A61-1D31E6522C7C}.Release|x86.Build.0 = Release|x86
		{3F5560AC-4443-4988-A64A-97CCD3154CE5}.Debug|x86.ActiveCfg = Debug|x86
		{3F5560AC-4443-4988-A64A-97CCD3154CE5}.Debug|x86.Build.0 = Debug|x86
		{3F5560AC-4443-4988-A64A-97CCD3154CE5}.Release|x86.ActiveCfg = Release|x86
		{3F5560AC-4443-4988-A64A-97CCD3154CE5}.Release|x86.Build.0 = Release|x86
		{4EF9E7FB-B158-45C9-B798-52C8A1E3681C}.Debug|x86.ActiveCfg = Debug|x86
		{4EF9E7FB-B158-45C9-B798-52C8A1E3681C}.Debug|x86.Build.0 = Debug|x86
		{4EF9E7FB-B158-45C9-B798-52C8A1E3681C}.Release|x86.ActiveCfg = Release|x86
		{4EF9E7FB-B158-45C9-B798-52C8A1E3681C}.Release|x86.Build.0 = Release|x86
		{8A72329F-B5FF-4BD0-9995-422CA09FE1C3}.Debug|x86.ActiveCfg = Debug|x86
		{8A72329F-B5FF-4BD0-9995-422CA09FE1C3}.Debug|x86.Build.0 = Debug|x86
		{8A72329F-B5FF-4BD0-9995-422CA09FE1C3}.Release|x86.ActiveCfg = Release|x86
		{8A72329F-B5FF-4BD0-9995-422CA09FE1C3}.Release|x86.Build.0 = Release|x86
		{F8FC47E3-E13F-4623-B3BE-974D1E525A3B}.Debug|x86.ActiveCfg = Debug|x86
		{F8FC47E3-E13F-4623-B3BE-974D1E525A3B}.Debug|x86.Build.0 = Debug|x86
		{F8FC47E3-E13F-4623-B3BE-974D1E525A3B}.Release|x86.ActiveCfg = Release|x86
		{F8FC47E3-E13F-4623-B3BE-974D1E525A3B}.Release|x86.Build.0 = Release|x86
		{EDB6F695-F802-45A8-AB20-5CE7CC511F41}.Debug|x86.ActiveCfg = Debug|x86
		{EDB6F695-F802-45A8-AB20-5CE7CC511F41}.Debug|x86.Build.0 = Debug|x86
		{EDB6F695-F802-45A8-AB20-5CE7CC511F41}.Release|x86.ActiveCfg = Release|x86
		{EDB6F695-F802-45A8-AB20-5CE7CC511F41}.Release|x86.Build.0 = Release|x86
	EndGlobalSection
	GlobalSection(SolutionProperties) = preSolution
		HideSolutionNode = FALSE
	EndGlobalSection
EndGlobal
